// !$*UTF8*$!
{
	archiveVersion = 1;
	classes = {
	};
	objectVersion = 46;
	objects = {

/* Begin PBXAggregateTarget section */
		BE208BE216E9B52C004E0F54 /* FwiData.framework */ = {
			isa = PBXAggregateTarget;
			buildConfigurationList = BE208BE516E9B52C004E0F54 /* Build configuration list for PBXAggregateTarget "FwiData.framework" */;
			buildPhases = (
				BE208BFF16E9B964004E0F54 /* Build universal binary */,
				BE208C0416E9BA57004E0F54 /* CopyFiles */,
			);
			dependencies = (
			);
			name = FwiData.framework;
			productName = FwiData.framework;
		};
/* End PBXAggregateTarget section */

/* Begin PBXBuildFile section */
		BE208B7B16E9B0A9004E0F54 /* Foundation.framework in Frameworks */ = {isa = PBXBuildFile; fileRef = BE208B7A16E9B0A9004E0F54 /* Foundation.framework */; };
		BE2DEEC61A93242C00AF5F93 /* libz.1.2.5.dylib in Frameworks */ = {isa = PBXBuildFile; fileRef = BEFA8A03191DC1D900696262 /* libz.1.2.5.dylib */; };
		BE3DB33D1A946701000F44D8 /* libFwiCore.a in Frameworks */ = {isa = PBXBuildFile; fileRef = BE3DB33C1A946701000F44D8 /* libFwiCore.a */; };
		BE4EA2CC1A9325F500538870 /* libFwiData.a in Frameworks */ = {isa = PBXBuildFile; fileRef = BE208B7716E9B0A9004E0F54 /* libFwiData.a */; };
		BE4EA2CE1A93260600538870 /* FwiPropertyTest.m in Sources */ = {isa = PBXBuildFile; fileRef = BE4EA2CD1A93260600538870 /* FwiPropertyTest.m */; };
		BE619C531A95D12D00014F78 /* FwiJsonMapperTest.m in Sources */ = {isa = PBXBuildFile; fileRef = BE619C521A95D12D00014F78 /* FwiJsonMapperTest.m */; };
		BE78591C1AF89ACF00EC9A47 /* NSData+FwiDer.m in Sources */ = {isa = PBXBuildFile; fileRef = BE7858D81AF89ACE00EC9A47 /* NSData+FwiDer.m */; };
		BE78591D1AF89ACF00EC9A47 /* NSData+FwiJson.m in Sources */ = {isa = PBXBuildFile; fileRef = BE7858DA1AF89ACE00EC9A47 /* NSData+FwiJson.m */; };
		BE78591E1AF89ACF00EC9A47 /* NSString+FwiDer.m in Sources */ = {isa = PBXBuildFile; fileRef = BE7858DC1AF89ACE00EC9A47 /* NSString+FwiDer.m */; };
		BE78591F1AF89ACF00EC9A47 /* NSString+FwiJson.m in Sources */ = {isa = PBXBuildFile; fileRef = BE7858DE1AF89ACE00EC9A47 /* NSString+FwiJson.m */; };
		BE7859201AF89ACF00EC9A47 /* FwiBigInt.m in Sources */ = {isa = PBXBuildFile; fileRef = BE7858E21AF89ACE00EC9A47 /* FwiBigInt.m */; };
		BE7859211AF89ACF00EC9A47 /* FwiBitArray.m in Sources */ = {isa = PBXBuildFile; fileRef = BE7858E51AF89ACE00EC9A47 /* FwiBitArray.m */; };
		BE7859221AF89ACF00EC9A47 /* FwiMutableBitArray.m in Sources */ = {isa = PBXBuildFile; fileRef = BE7858E71AF89ACE00EC9A47 /* FwiMutableBitArray.m */; };
		BE7859231AF89ACF00EC9A47 /* FwiBitMatrix.m in Sources */ = {isa = PBXBuildFile; fileRef = BE7858EA1AF89ACE00EC9A47 /* FwiBitMatrix.m */; };
		BE7859241AF89ACF00EC9A47 /* FwiCsvParser.m in Sources */ = {isa = PBXBuildFile; fileRef = BE7858ED1AF89ACE00EC9A47 /* FwiCsvParser.m */; };
		BE7859251AF89ACF00EC9A47 /* FwiDer.m in Sources */ = {isa = PBXBuildFile; fileRef = BE7858F01AF89ACE00EC9A47 /* FwiDer.m */; };
		BE7859261AF89ACF00EC9A47 /* FwiJson.m in Sources */ = {isa = PBXBuildFile; fileRef = BE7858F41AF89ACE00EC9A47 /* FwiJson.m */; };
		BE7859271AF89ACF00EC9A47 /* FwiJsonMapper.m in Sources */ = {isa = PBXBuildFile; fileRef = BE7858F81AF89ACE00EC9A47 /* FwiJsonMapper.m */; };
		BE7859281AF89ACF00EC9A47 /* FwiProperty.m in Sources */ = {isa = PBXBuildFile; fileRef = BE7858FB1AF89ACE00EC9A47 /* FwiProperty.m */; };
		BE7859291AF89ACF00EC9A47 /* FwiQRCode.m in Sources */ = {isa = PBXBuildFile; fileRef = BE7858FE1AF89ACE00EC9A47 /* FwiQRCode.m */; };
		BE78592A1AF89ACF00EC9A47 /* FwiRS_Private.m in Sources */ = {isa = PBXBuildFile; fileRef = BE7859001AF89ACE00EC9A47 /* FwiRS_Private.m */; };
		BE78592B1AF89ACF00EC9A47 /* NSArray+FwiExtension_Private.m in Sources */ = {isa = PBXBuildFile; fileRef = BE7859031AF89ACE00EC9A47 /* NSArray+FwiExtension_Private.m */; };
		BE78592C1AF89ACF00EC9A47 /* NSDictionary+FwiExtension_Private.m in Sources */ = {isa = PBXBuildFile; fileRef = BE7859051AF89ACE00EC9A47 /* NSDictionary+FwiExtension_Private.m */; };
		BE78592D1AF89ACF00EC9A47 /* FwiLocation.m in Sources */ = {isa = PBXBuildFile; fileRef = BE78590A1AF89ACE00EC9A47 /* FwiLocation.m */; };
		BE78592E1AF89ACF00EC9A47 /* FwiPersistent.m in Sources */ = {isa = PBXBuildFile; fileRef = BE78590C1AF89ACE00EC9A47 /* FwiPersistent.m */; };
		BE78592F1AF89ACF00EC9A47 /* FwiService.m in Sources */ = {isa = PBXBuildFile; fileRef = BE78590F1AF89ACF00EC9A47 /* FwiService.m */; };
		BE7859331AF89ACF00EC9A47 /* FwiRequest.m in Sources */ = {isa = PBXBuildFile; fileRef = BE7859181AF89ACF00EC9A47 /* FwiRequest.m */; };
		BE7859341AF89ACF00EC9A47 /* FwiRESTService.m in Sources */ = {isa = PBXBuildFile; fileRef = BE78591B1AF89ACF00EC9A47 /* FwiRESTService.m */; };
		BE7867A21B11A62400C64942 /* FwiDataParam.m in Sources */ = {isa = PBXBuildFile; fileRef = BE78679D1B11A62400C64942 /* FwiDataParam.m */; };
		BE7867A31B11A62400C64942 /* FwiFormParam.m in Sources */ = {isa = PBXBuildFile; fileRef = BE78679F1B11A62400C64942 /* FwiFormParam.m */; };
		BE7867A41B11A62400C64942 /* FwiMultipartParam.m in Sources */ = {isa = PBXBuildFile; fileRef = BE7867A11B11A62400C64942 /* FwiMultipartParam.m */; };
		BE9FECDE16EA469400C29A10 /* UIKit.framework in Frameworks */ = {isa = PBXBuildFile; fileRef = BE9FECDD16EA469400C29A10 /* UIKit.framework */; };
		BE9FECE016EA469E00C29A10 /* CoreGraphics.framework in Frameworks */ = {isa = PBXBuildFile; fileRef = BE9FECDF16EA469E00C29A10 /* CoreGraphics.framework */; };
		BEF2DFD017046E9D0006DD71 /* CoreData.framework in Frameworks */ = {isa = PBXBuildFile; fileRef = BEF2DFCF17046E9D0006DD71 /* CoreData.framework */; };
		BEF2DFD217046EA40006DD71 /* CoreLocation.framework in Frameworks */ = {isa = PBXBuildFile; fileRef = BEF2DFD117046EA40006DD71 /* CoreLocation.framework */; };
		BEF95CD41A650AE600183E43 /* XCTest.framework in Frameworks */ = {isa = PBXBuildFile; fileRef = BEF95CD31A650AE600183E43 /* XCTest.framework */; };
		BEF95CD51A650AE600183E43 /* Foundation.framework in Frameworks */ = {isa = PBXBuildFile; fileRef = BE208B7A16E9B0A9004E0F54 /* Foundation.framework */; };
		BEF95CD61A650AE600183E43 /* UIKit.framework in Frameworks */ = {isa = PBXBuildFile; fileRef = BE9FECDD16EA469400C29A10 /* UIKit.framework */; };
		BEF95CDC1A650AE600183E43 /* InfoPlist.strings in Resources */ = {isa = PBXBuildFile; fileRef = BEF95CDA1A650AE600183E43 /* InfoPlist.strings */; };
/* End PBXBuildFile section */

/* Begin PBXContainerItemProxy section */
		BEF95CE01A650AE600183E43 /* PBXContainerItemProxy */ = {
			isa = PBXContainerItemProxy;
			containerPortal = BE208B6F16E9B0A9004E0F54 /* Project object */;
			proxyType = 1;
			remoteGlobalIDString = BE208B7616E9B0A9004E0F54;
			remoteInfo = FwiData;
		};
/* End PBXContainerItemProxy section */

/* Begin PBXCopyFilesBuildPhase section */
		BE208B7516E9B0A9004E0F54 /* CopyFiles */ = {
			isa = PBXCopyFilesBuildPhase;
			buildActionMask = 2147483647;
			dstPath = "include/${PRODUCT_NAME}";
			dstSubfolderSpec = 16;
			files = (
			);
			runOnlyForDeploymentPostprocessing = 0;
		};
		BE208C0416E9BA57004E0F54 /* CopyFiles */ = {
			isa = PBXCopyFilesBuildPhase;
			buildActionMask = 2147483647;
			dstPath = "${SOURCE_ROOT}/../Libraries/${PRODUCT_NAME}.framework/Versions/A/Headers";
			dstSubfolderSpec = 0;
			files = (
			);
			runOnlyForDeploymentPostprocessing = 0;
		};
/* End PBXCopyFilesBuildPhase section */

/* Begin PBXFileReference section */
		BE208B7716E9B0A9004E0F54 /* libFwiData.a */ = {isa = PBXFileReference; explicitFileType = archive.ar; includeInIndex = 0; path = libFwiData.a; sourceTree = BUILT_PRODUCTS_DIR; };
		BE208B7A16E9B0A9004E0F54 /* Foundation.framework */ = {isa = PBXFileReference; lastKnownFileType = wrapper.framework; name = Foundation.framework; path = System/Library/Frameworks/Foundation.framework; sourceTree = SDKROOT; };
		BE208B7E16E9B0A9004E0F54 /* FwiData-Prefix.pch */ = {isa = PBXFileReference; lastKnownFileType = sourcecode.c.h; path = "FwiData-Prefix.pch"; sourceTree = "<group>"; };
		BE3DB33C1A946701000F44D8 /* libFwiCore.a */ = {isa = PBXFileReference; lastKnownFileType = archive.ar; name = libFwiCore.a; path = "../FwiCore/build/Debug-iphoneos/libFwiCore.a"; sourceTree = "<group>"; };
		BE4EA2CD1A93260600538870 /* FwiPropertyTest.m */ = {isa = PBXFileReference; fileEncoding = 4; lastKnownFileType = sourcecode.c.objc; path = FwiPropertyTest.m; sourceTree = "<group>"; };
		BE619C521A95D12D00014F78 /* FwiJsonMapperTest.m */ = {isa = PBXFileReference; fileEncoding = 4; lastKnownFileType = sourcecode.c.objc; path = FwiJsonMapperTest.m; sourceTree = "<group>"; };
		BE7858D71AF89ACE00EC9A47 /* NSData+FwiDer.h */ = {isa = PBXFileReference; fileEncoding = 4; lastKnownFileType = sourcecode.c.h; path = "NSData+FwiDer.h"; sourceTree = "<group>"; };
		BE7858D81AF89ACE00EC9A47 /* NSData+FwiDer.m */ = {isa = PBXFileReference; fileEncoding = 4; lastKnownFileType = sourcecode.c.objc; path = "NSData+FwiDer.m"; sourceTree = "<group>"; };
		BE7858D91AF89ACE00EC9A47 /* NSData+FwiJson.h */ = {isa = PBXFileReference; fileEncoding = 4; lastKnownFileType = sourcecode.c.h; path = "NSData+FwiJson.h"; sourceTree = "<group>"; };
		BE7858DA1AF89ACE00EC9A47 /* NSData+FwiJson.m */ = {isa = PBXFileReference; fileEncoding = 4; lastKnownFileType = sourcecode.c.objc; path = "NSData+FwiJson.m"; sourceTree = "<group>"; };
		BE7858DB1AF89ACE00EC9A47 /* NSString+FwiDer.h */ = {isa = PBXFileReference; fileEncoding = 4; lastKnownFileType = sourcecode.c.h; path = "NSString+FwiDer.h"; sourceTree = "<group>"; };
		BE7858DC1AF89ACE00EC9A47 /* NSString+FwiDer.m */ = {isa = PBXFileReference; fileEncoding = 4; lastKnownFileType = sourcecode.c.objc; path = "NSString+FwiDer.m"; sourceTree = "<group>"; };
		BE7858DD1AF89ACE00EC9A47 /* NSString+FwiJson.h */ = {isa = PBXFileReference; fileEncoding = 4; lastKnownFileType = sourcecode.c.h; path = "NSString+FwiJson.h"; sourceTree = "<group>"; };
		BE7858DE1AF89ACE00EC9A47 /* NSString+FwiJson.m */ = {isa = PBXFileReference; fileEncoding = 4; lastKnownFileType = sourcecode.c.objc; path = "NSString+FwiJson.m"; sourceTree = "<group>"; };
		BE7858E11AF89ACE00EC9A47 /* FwiBigInt.h */ = {isa = PBXFileReference; fileEncoding = 4; lastKnownFileType = sourcecode.c.h; path = FwiBigInt.h; sourceTree = "<group>"; };
		BE7858E21AF89ACE00EC9A47 /* FwiBigInt.m */ = {isa = PBXFileReference; fileEncoding = 4; lastKnownFileType = sourcecode.c.objc; path = FwiBigInt.m; sourceTree = "<group>"; };
		BE7858E41AF89ACE00EC9A47 /* FwiBitArray.h */ = {isa = PBXFileReference; fileEncoding = 4; lastKnownFileType = sourcecode.c.h; path = FwiBitArray.h; sourceTree = "<group>"; };
		BE7858E51AF89ACE00EC9A47 /* FwiBitArray.m */ = {isa = PBXFileReference; fileEncoding = 4; lastKnownFileType = sourcecode.c.objc; path = FwiBitArray.m; sourceTree = "<group>"; };
		BE7858E61AF89ACE00EC9A47 /* FwiMutableBitArray.h */ = {isa = PBXFileReference; fileEncoding = 4; lastKnownFileType = sourcecode.c.h; path = FwiMutableBitArray.h; sourceTree = "<group>"; };
		BE7858E71AF89ACE00EC9A47 /* FwiMutableBitArray.m */ = {isa = PBXFileReference; fileEncoding = 4; lastKnownFileType = sourcecode.c.objc; path = FwiMutableBitArray.m; sourceTree = "<group>"; };
		BE7858E91AF89ACE00EC9A47 /* FwiBitMatrix.h */ = {isa = PBXFileReference; fileEncoding = 4; lastKnownFileType = sourcecode.c.h; path = FwiBitMatrix.h; sourceTree = "<group>"; };
		BE7858EA1AF89ACE00EC9A47 /* FwiBitMatrix.m */ = {isa = PBXFileReference; fileEncoding = 4; lastKnownFileType = sourcecode.c.objc; path = FwiBitMatrix.m; sourceTree = "<group>"; };
		BE7858EC1AF89ACE00EC9A47 /* FwiCsvParser.h */ = {isa = PBXFileReference; fileEncoding = 4; lastKnownFileType = sourcecode.c.h; path = FwiCsvParser.h; sourceTree = "<group>"; };
		BE7858ED1AF89ACE00EC9A47 /* FwiCsvParser.m */ = {isa = PBXFileReference; fileEncoding = 4; lastKnownFileType = sourcecode.c.objc; path = FwiCsvParser.m; sourceTree = "<group>"; };
		BE7858EF1AF89ACE00EC9A47 /* FwiDer.h */ = {isa = PBXFileReference; fileEncoding = 4; lastKnownFileType = sourcecode.c.h; path = FwiDer.h; sourceTree = "<group>"; };
		BE7858F01AF89ACE00EC9A47 /* FwiDer.m */ = {isa = PBXFileReference; fileEncoding = 4; lastKnownFileType = sourcecode.c.objc; path = FwiDer.m; sourceTree = "<group>"; };
		BE7858F11AF89ACE00EC9A47 /* FwiDer_Private.h */ = {isa = PBXFileReference; fileEncoding = 4; lastKnownFileType = sourcecode.c.h; path = FwiDer_Private.h; sourceTree = "<group>"; };
		BE7858F31AF89ACE00EC9A47 /* FwiJson.h */ = {isa = PBXFileReference; fileEncoding = 4; lastKnownFileType = sourcecode.c.h; path = FwiJson.h; sourceTree = "<group>"; };
		BE7858F41AF89ACE00EC9A47 /* FwiJson.m */ = {isa = PBXFileReference; fileEncoding = 4; lastKnownFileType = sourcecode.c.objc; path = FwiJson.m; sourceTree = "<group>"; };
		BE7858F51AF89ACE00EC9A47 /* FwiJson_Private.h */ = {isa = PBXFileReference; fileEncoding = 4; lastKnownFileType = sourcecode.c.h; path = FwiJson_Private.h; sourceTree = "<group>"; };
		BE7858F71AF89ACE00EC9A47 /* FwiJsonMapper.h */ = {isa = PBXFileReference; fileEncoding = 4; lastKnownFileType = sourcecode.c.h; path = FwiJsonMapper.h; sourceTree = "<group>"; };
		BE7858F81AF89ACE00EC9A47 /* FwiJsonMapper.m */ = {isa = PBXFileReference; fileEncoding = 4; lastKnownFileType = sourcecode.c.objc; path = FwiJsonMapper.m; sourceTree = "<group>"; };
		BE7858FA1AF89ACE00EC9A47 /* FwiProperty.h */ = {isa = PBXFileReference; fileEncoding = 4; lastKnownFileType = sourcecode.c.h; path = FwiProperty.h; sourceTree = "<group>"; };
		BE7858FB1AF89ACE00EC9A47 /* FwiProperty.m */ = {isa = PBXFileReference; fileEncoding = 4; lastKnownFileType = sourcecode.c.objc; path = FwiProperty.m; sourceTree = "<group>"; };
		BE7858FD1AF89ACE00EC9A47 /* FwiQRCode.h */ = {isa = PBXFileReference; fileEncoding = 4; lastKnownFileType = sourcecode.c.h; path = FwiQRCode.h; sourceTree = "<group>"; };
		BE7858FE1AF89ACE00EC9A47 /* FwiQRCode.m */ = {isa = PBXFileReference; fileEncoding = 4; lastKnownFileType = sourcecode.c.objc; path = FwiQRCode.m; sourceTree = "<group>"; };
		BE7858FF1AF89ACE00EC9A47 /* FwiRS_Private.h */ = {isa = PBXFileReference; fileEncoding = 4; lastKnownFileType = sourcecode.c.h; path = FwiRS_Private.h; sourceTree = "<group>"; };
		BE7859001AF89ACE00EC9A47 /* FwiRS_Private.m */ = {isa = PBXFileReference; fileEncoding = 4; lastKnownFileType = sourcecode.c.objc; path = FwiRS_Private.m; sourceTree = "<group>"; };
		BE7859021AF89ACE00EC9A47 /* NSArray+FwiExtension_Private.h */ = {isa = PBXFileReference; fileEncoding = 4; lastKnownFileType = sourcecode.c.h; path = "NSArray+FwiExtension_Private.h"; sourceTree = "<group>"; };
		BE7859031AF89ACE00EC9A47 /* NSArray+FwiExtension_Private.m */ = {isa = PBXFileReference; fileEncoding = 4; lastKnownFileType = sourcecode.c.objc; path = "NSArray+FwiExtension_Private.m"; sourceTree = "<group>"; };
		BE7859041AF89ACE00EC9A47 /* NSDictionary+FwiExtension_Private.h */ = {isa = PBXFileReference; fileEncoding = 4; lastKnownFileType = sourcecode.c.h; path = "NSDictionary+FwiExtension_Private.h"; sourceTree = "<group>"; };
		BE7859051AF89ACE00EC9A47 /* NSDictionary+FwiExtension_Private.m */ = {isa = PBXFileReference; fileEncoding = 4; lastKnownFileType = sourcecode.c.objc; path = "NSDictionary+FwiExtension_Private.m"; sourceTree = "<group>"; };
		BE7859061AF89ACE00EC9A47 /* FwiData.h */ = {isa = PBXFileReference; fileEncoding = 4; lastKnownFileType = sourcecode.c.h; path = FwiData.h; sourceTree = "<group>"; };
		BE7859071AF89ACE00EC9A47 /* FwiData_Private.h */ = {isa = PBXFileReference; fileEncoding = 4; lastKnownFileType = sourcecode.c.h; path = FwiData_Private.h; sourceTree = "<group>"; };
		BE7859091AF89ACE00EC9A47 /* FwiLocation.h */ = {isa = PBXFileReference; fileEncoding = 4; lastKnownFileType = sourcecode.c.h; path = FwiLocation.h; sourceTree = "<group>"; };
		BE78590A1AF89ACE00EC9A47 /* FwiLocation.m */ = {isa = PBXFileReference; fileEncoding = 4; lastKnownFileType = sourcecode.c.objc; path = FwiLocation.m; sourceTree = "<group>"; };
		BE78590B1AF89ACE00EC9A47 /* FwiPersistent.h */ = {isa = PBXFileReference; fileEncoding = 4; lastKnownFileType = sourcecode.c.h; path = FwiPersistent.h; sourceTree = "<group>"; };
		BE78590C1AF89ACE00EC9A47 /* FwiPersistent.m */ = {isa = PBXFileReference; fileEncoding = 4; lastKnownFileType = sourcecode.c.objc; path = FwiPersistent.m; sourceTree = "<group>"; };
		BE78590E1AF89ACF00EC9A47 /* FwiService.h */ = {isa = PBXFileReference; fileEncoding = 4; lastKnownFileType = sourcecode.c.h; path = FwiService.h; sourceTree = "<group>"; };
		BE78590F1AF89ACF00EC9A47 /* FwiService.m */ = {isa = PBXFileReference; fileEncoding = 4; lastKnownFileType = sourcecode.c.objc; path = FwiService.m; sourceTree = "<group>"; };
		BE7859171AF89ACF00EC9A47 /* FwiRequest.h */ = {isa = PBXFileReference; fileEncoding = 4; lastKnownFileType = sourcecode.c.h; path = FwiRequest.h; sourceTree = "<group>"; };
		BE7859181AF89ACF00EC9A47 /* FwiRequest.m */ = {isa = PBXFileReference; fileEncoding = 4; lastKnownFileType = sourcecode.c.objc; path = FwiRequest.m; sourceTree = "<group>"; };
		BE78591A1AF89ACF00EC9A47 /* FwiRESTService.h */ = {isa = PBXFileReference; fileEncoding = 4; lastKnownFileType = sourcecode.c.h; path = FwiRESTService.h; sourceTree = "<group>"; };
		BE78591B1AF89ACF00EC9A47 /* FwiRESTService.m */ = {isa = PBXFileReference; fileEncoding = 4; lastKnownFileType = sourcecode.c.objc; path = FwiRESTService.m; sourceTree = "<group>"; };
		BE78679C1B11A62400C64942 /* FwiDataParam.h */ = {isa = PBXFileReference; fileEncoding = 4; lastKnownFileType = sourcecode.c.h; path = FwiDataParam.h; sourceTree = "<group>"; };
		BE78679D1B11A62400C64942 /* FwiDataParam.m */ = {isa = PBXFileReference; fileEncoding = 4; lastKnownFileType = sourcecode.c.objc; path = FwiDataParam.m; sourceTree = "<group>"; };
		BE78679E1B11A62400C64942 /* FwiFormParam.h */ = {isa = PBXFileReference; fileEncoding = 4; lastKnownFileType = sourcecode.c.h; path = FwiFormParam.h; sourceTree = "<group>"; };
		BE78679F1B11A62400C64942 /* FwiFormParam.m */ = {isa = PBXFileReference; fileEncoding = 4; lastKnownFileType = sourcecode.c.objc; path = FwiFormParam.m; sourceTree = "<group>"; };
		BE7867A01B11A62400C64942 /* FwiMultipartParam.h */ = {isa = PBXFileReference; fileEncoding = 4; lastKnownFileType = sourcecode.c.h; path = FwiMultipartParam.h; sourceTree = "<group>"; };
		BE7867A11B11A62400C64942 /* FwiMultipartParam.m */ = {isa = PBXFileReference; fileEncoding = 4; lastKnownFileType = sourcecode.c.objc; path = FwiMultipartParam.m; sourceTree = "<group>"; };
		BE9FECDD16EA469400C29A10 /* UIKit.framework */ = {isa = PBXFileReference; lastKnownFileType = wrapper.framework; name = UIKit.framework; path = System/Library/Frameworks/UIKit.framework; sourceTree = SDKROOT; };
		BE9FECDF16EA469E00C29A10 /* CoreGraphics.framework */ = {isa = PBXFileReference; lastKnownFileType = wrapper.framework; name = CoreGraphics.framework; path = System/Library/Frameworks/CoreGraphics.framework; sourceTree = SDKROOT; };
		BEEFA4C618A795E6002BCF21 /* QuartzCore.framework */ = {isa = PBXFileReference; lastKnownFileType = wrapper.framework; name = QuartzCore.framework; path = System/Library/Frameworks/QuartzCore.framework; sourceTree = SDKROOT; };
		BEEFA4C818A795ED002BCF21 /* Accelerate.framework */ = {isa = PBXFileReference; lastKnownFileType = wrapper.framework; name = Accelerate.framework; path = System/Library/Frameworks/Accelerate.framework; sourceTree = SDKROOT; };
		BEEFA4CC18A7961A002BCF21 /* Security.framework */ = {isa = PBXFileReference; lastKnownFileType = wrapper.framework; name = Security.framework; path = System/Library/Frameworks/Security.framework; sourceTree = SDKROOT; };
		BEEFA4CE18A79623002BCF21 /* SystemConfiguration.framework */ = {isa = PBXFileReference; lastKnownFileType = wrapper.framework; name = SystemConfiguration.framework; path = System/Library/Frameworks/SystemConfiguration.framework; sourceTree = SDKROOT; };
		BEF2DFCF17046E9D0006DD71 /* CoreData.framework */ = {isa = PBXFileReference; lastKnownFileType = wrapper.framework; name = CoreData.framework; path = System/Library/Frameworks/CoreData.framework; sourceTree = SDKROOT; };
		BEF2DFD117046EA40006DD71 /* CoreLocation.framework */ = {isa = PBXFileReference; lastKnownFileType = wrapper.framework; name = CoreLocation.framework; path = System/Library/Frameworks/CoreLocation.framework; sourceTree = SDKROOT; };
		BEF95CD21A650AE600183E43 /* FwiDataTests.xctest */ = {isa = PBXFileReference; explicitFileType = wrapper.cfbundle; includeInIndex = 0; path = FwiDataTests.xctest; sourceTree = BUILT_PRODUCTS_DIR; };
		BEF95CD31A650AE600183E43 /* XCTest.framework */ = {isa = PBXFileReference; lastKnownFileType = wrapper.framework; name = XCTest.framework; path = Library/Frameworks/XCTest.framework; sourceTree = DEVELOPER_DIR; };
		BEF95CD91A650AE600183E43 /* FwiDataTests-Info.plist */ = {isa = PBXFileReference; lastKnownFileType = text.plist.xml; path = "FwiDataTests-Info.plist"; sourceTree = "<group>"; };
		BEF95CDB1A650AE600183E43 /* en */ = {isa = PBXFileReference; lastKnownFileType = text.plist.strings; name = en; path = en.lproj/InfoPlist.strings; sourceTree = "<group>"; };
		BEF95CDF1A650AE600183E43 /* FwiDataTests-Prefix.pch */ = {isa = PBXFileReference; lastKnownFileType = sourcecode.c.h; path = "FwiDataTests-Prefix.pch"; sourceTree = "<group>"; };
		BEFA8A03191DC1D900696262 /* libz.1.2.5.dylib */ = {isa = PBXFileReference; lastKnownFileType = "compiled.mach-o.dylib"; name = libz.1.2.5.dylib; path = usr/lib/libz.1.2.5.dylib; sourceTree = SDKROOT; };
/* End PBXFileReference section */

/* Begin PBXFrameworksBuildPhase section */
		BE208B7416E9B0A9004E0F54 /* Frameworks */ = {
			isa = PBXFrameworksBuildPhase;
			buildActionMask = 2147483647;
			files = (
				BEF2DFD217046EA40006DD71 /* CoreLocation.framework in Frameworks */,
				BEF2DFD017046E9D0006DD71 /* CoreData.framework in Frameworks */,
				BE9FECDE16EA469400C29A10 /* UIKit.framework in Frameworks */,
				BE208B7B16E9B0A9004E0F54 /* Foundation.framework in Frameworks */,
				BE9FECE016EA469E00C29A10 /* CoreGraphics.framework in Frameworks */,
			);
			runOnlyForDeploymentPostprocessing = 0;
		};
		BEF95CCF1A650AE600183E43 /* Frameworks */ = {
			isa = PBXFrameworksBuildPhase;
			buildActionMask = 2147483647;
			files = (
				BEF95CD41A650AE600183E43 /* XCTest.framework in Frameworks */,
				BE2DEEC61A93242C00AF5F93 /* libz.1.2.5.dylib in Frameworks */,
				BE3DB33D1A946701000F44D8 /* libFwiCore.a in Frameworks */,
				BE4EA2CC1A9325F500538870 /* libFwiData.a in Frameworks */,
				BEF95CD61A650AE600183E43 /* UIKit.framework in Frameworks */,
				BEF95CD51A650AE600183E43 /* Foundation.framework in Frameworks */,
			);
			runOnlyForDeploymentPostprocessing = 0;
		};
/* End PBXFrameworksBuildPhase section */

/* Begin PBXGroup section */
		BE208B6E16E9B0A9004E0F54 = {
			isa = PBXGroup;
			children = (
				BE208B7C16E9B0A9004E0F54 /* FwiData */,
				BE208B7816E9B0A9004E0F54 /* Products */,
				BE208B7916E9B0A9004E0F54 /* Frameworks */,
				BEF95CD71A650AE600183E43 /* FwiDataTests */,
			);
			sourceTree = "<group>";
		};
		BE208B7816E9B0A9004E0F54 /* Products */ = {
			isa = PBXGroup;
			children = (
				BE208B7716E9B0A9004E0F54 /* libFwiData.a */,
				BEF95CD21A650AE600183E43 /* FwiDataTests.xctest */,
			);
			name = Products;
			sourceTree = "<group>";
		};
		BE208B7916E9B0A9004E0F54 /* Frameworks */ = {
			isa = PBXGroup;
			children = (
				BE9FECE116EA46AD00C29A10 /* Core */,
				BEEFA4D218A79659002BCF21 /* Security */,
				BEEFA4D318A7965F002BCF21 /* Test */,
				BE9FECDD16EA469400C29A10 /* UIKit.framework */,
				BE208B7A16E9B0A9004E0F54 /* Foundation.framework */,
				BEEFA4C818A795ED002BCF21 /* Accelerate.framework */,
				BEFA8A03191DC1D900696262 /* libz.1.2.5.dylib */,
				BE3DB33C1A946701000F44D8 /* libFwiCore.a */,
			);
			name = Frameworks;
			sourceTree = "<group>";
		};
		BE208B7C16E9B0A9004E0F54 /* FwiData */ = {
			isa = PBXGroup;
			children = (
				BE7858D31AF89ACE00EC9A47 /* com */,
				BE208B7D16E9B0A9004E0F54 /* Supporting Files */,
			);
			path = FwiData;
			sourceTree = "<group>";
		};
		BE208B7D16E9B0A9004E0F54 /* Supporting Files */ = {
			isa = PBXGroup;
			children = (
				BE208B7E16E9B0A9004E0F54 /* FwiData-Prefix.pch */,
			);
			name = "Supporting Files";
			sourceTree = "<group>";
		};
		BE7858D31AF89ACE00EC9A47 /* com */ = {
			isa = PBXGroup;
			children = (
				BE7858D41AF89ACE00EC9A47 /* fiision */,
			);
			path = com;
			sourceTree = "<group>";
		};
		BE7858D41AF89ACE00EC9A47 /* fiision */ = {
			isa = PBXGroup;
			children = (
				BE7858D51AF89ACE00EC9A47 /* lib */,
			);
			path = fiision;
			sourceTree = "<group>";
		};
		BE7858D51AF89ACE00EC9A47 /* lib */ = {
			isa = PBXGroup;
			children = (
				BE7859061AF89ACE00EC9A47 /* FwiData.h */,
				BE7859071AF89ACE00EC9A47 /* FwiData_Private.h */,
				BE7858D61AF89ACE00EC9A47 /* Codec */,
				BE7858DF1AF89ACE00EC9A47 /* Data */,
				BE7859011AF89ACE00EC9A47 /* Extension */,
				BE7859081AF89ACE00EC9A47 /* Managers */,
				BE78590D1AF89ACF00EC9A47 /* Services */,
			);
			path = lib;
			sourceTree = "<group>";
		};
		BE7858D61AF89ACE00EC9A47 /* Codec */ = {
			isa = PBXGroup;
			children = (
				BE7858D71AF89ACE00EC9A47 /* NSData+FwiDer.h */,
				BE7858D81AF89ACE00EC9A47 /* NSData+FwiDer.m */,
				BE7858D91AF89ACE00EC9A47 /* NSData+FwiJson.h */,
				BE7858DA1AF89ACE00EC9A47 /* NSData+FwiJson.m */,
				BE7858DB1AF89ACE00EC9A47 /* NSString+FwiDer.h */,
				BE7858DC1AF89ACE00EC9A47 /* NSString+FwiDer.m */,
				BE7858DD1AF89ACE00EC9A47 /* NSString+FwiJson.h */,
				BE7858DE1AF89ACE00EC9A47 /* NSString+FwiJson.m */,
			);
			path = Codec;
			sourceTree = "<group>";
		};
		BE7858DF1AF89ACE00EC9A47 /* Data */ = {
			isa = PBXGroup;
			children = (
				BE7858E01AF89ACE00EC9A47 /* BigInt */,
				BE7858E31AF89ACE00EC9A47 /* BitArray */,
				BE7858E81AF89ACE00EC9A47 /* BitMatrix */,
				BE7858EB1AF89ACE00EC9A47 /* Csv */,
				BE7858EE1AF89ACE00EC9A47 /* Der */,
				BE7858F21AF89ACE00EC9A47 /* Json */,
				BE7858F61AF89ACE00EC9A47 /* JsonMapper */,
				BE7858F91AF89ACE00EC9A47 /* Property */,
				BE7858FC1AF89ACE00EC9A47 /* QRCode */,
			);
			path = Data;
			sourceTree = "<group>";
		};
		BE7858E01AF89ACE00EC9A47 /* BigInt */ = {
			isa = PBXGroup;
			children = (
				BE7858E11AF89ACE00EC9A47 /* FwiBigInt.h */,
				BE7858E21AF89ACE00EC9A47 /* FwiBigInt.m */,
			);
			path = BigInt;
			sourceTree = "<group>";
		};
		BE7858E31AF89ACE00EC9A47 /* BitArray */ = {
			isa = PBXGroup;
			children = (
				BE7858E41AF89ACE00EC9A47 /* FwiBitArray.h */,
				BE7858E51AF89ACE00EC9A47 /* FwiBitArray.m */,
				BE7858E61AF89ACE00EC9A47 /* FwiMutableBitArray.h */,
				BE7858E71AF89ACE00EC9A47 /* FwiMutableBitArray.m */,
			);
			path = BitArray;
			sourceTree = "<group>";
		};
		BE7858E81AF89ACE00EC9A47 /* BitMatrix */ = {
			isa = PBXGroup;
			children = (
				BE7858E91AF89ACE00EC9A47 /* FwiBitMatrix.h */,
				BE7858EA1AF89ACE00EC9A47 /* FwiBitMatrix.m */,
			);
			path = BitMatrix;
			sourceTree = "<group>";
		};
		BE7858EB1AF89ACE00EC9A47 /* Csv */ = {
			isa = PBXGroup;
			children = (
				BE7858EC1AF89ACE00EC9A47 /* FwiCsvParser.h */,
				BE7858ED1AF89ACE00EC9A47 /* FwiCsvParser.m */,
			);
			path = Csv;
			sourceTree = "<group>";
		};
		BE7858EE1AF89ACE00EC9A47 /* Der */ = {
			isa = PBXGroup;
			children = (
				BE7858EF1AF89ACE00EC9A47 /* FwiDer.h */,
				BE7858F01AF89ACE00EC9A47 /* FwiDer.m */,
				BE7858F11AF89ACE00EC9A47 /* FwiDer_Private.h */,
			);
			path = Der;
			sourceTree = "<group>";
		};
		BE7858F21AF89ACE00EC9A47 /* Json */ = {
			isa = PBXGroup;
			children = (
				BE7858F31AF89ACE00EC9A47 /* FwiJson.h */,
				BE7858F41AF89ACE00EC9A47 /* FwiJson.m */,
				BE7858F51AF89ACE00EC9A47 /* FwiJson_Private.h */,
			);
			path = Json;
			sourceTree = "<group>";
		};
		BE7858F61AF89ACE00EC9A47 /* JsonMapper */ = {
			isa = PBXGroup;
			children = (
				BE7858F71AF89ACE00EC9A47 /* FwiJsonMapper.h */,
				BE7858F81AF89ACE00EC9A47 /* FwiJsonMapper.m */,
			);
			path = JsonMapper;
			sourceTree = "<group>";
		};
		BE7858F91AF89ACE00EC9A47 /* Property */ = {
			isa = PBXGroup;
			children = (
				BE7858FA1AF89ACE00EC9A47 /* FwiProperty.h */,
				BE7858FB1AF89ACE00EC9A47 /* FwiProperty.m */,
			);
			path = Property;
			sourceTree = "<group>";
		};
		BE7858FC1AF89ACE00EC9A47 /* QRCode */ = {
			isa = PBXGroup;
			children = (
				BE7858FD1AF89ACE00EC9A47 /* FwiQRCode.h */,
				BE7858FE1AF89ACE00EC9A47 /* FwiQRCode.m */,
				BE7858FF1AF89ACE00EC9A47 /* FwiRS_Private.h */,
				BE7859001AF89ACE00EC9A47 /* FwiRS_Private.m */,
			);
			path = QRCode;
			sourceTree = "<group>";
		};
		BE7859011AF89ACE00EC9A47 /* Extension */ = {
			isa = PBXGroup;
			children = (
				BE7859021AF89ACE00EC9A47 /* NSArray+FwiExtension_Private.h */,
				BE7859031AF89ACE00EC9A47 /* NSArray+FwiExtension_Private.m */,
				BE7859041AF89ACE00EC9A47 /* NSDictionary+FwiExtension_Private.h */,
				BE7859051AF89ACE00EC9A47 /* NSDictionary+FwiExtension_Private.m */,
			);
			path = Extension;
			sourceTree = "<group>";
		};
		BE7859081AF89ACE00EC9A47 /* Managers */ = {
			isa = PBXGroup;
			children = (
				BE7859091AF89ACE00EC9A47 /* FwiLocation.h */,
				BE78590A1AF89ACE00EC9A47 /* FwiLocation.m */,
				BE78590B1AF89ACE00EC9A47 /* FwiPersistent.h */,
				BE78590C1AF89ACE00EC9A47 /* FwiPersistent.m */,
			);
			path = Managers;
			sourceTree = "<group>";
		};
		BE78590D1AF89ACF00EC9A47 /* Services */ = {
			isa = PBXGroup;
			children = (
				BE78590E1AF89ACF00EC9A47 /* FwiService.h */,
				BE78590F1AF89ACF00EC9A47 /* FwiService.m */,
				BE78679B1B11A62400C64942 /* Params */,
				BE7859101AF89ACF00EC9A47 /* Request */,
				BE7859191AF89ACF00EC9A47 /* RESTful */,
			);
			path = Services;
			sourceTree = "<group>";
		};
		BE7859101AF89ACF00EC9A47 /* Request */ = {
			isa = PBXGroup;
			children = (
				BE7859171AF89ACF00EC9A47 /* FwiRequest.h */,
				BE7859181AF89ACF00EC9A47 /* FwiRequest.m */,
			);
			path = Request;
			sourceTree = "<group>";
		};
		BE7859191AF89ACF00EC9A47 /* RESTful */ = {
			isa = PBXGroup;
			children = (
				BE78591A1AF89ACF00EC9A47 /* FwiRESTService.h */,
				BE78591B1AF89ACF00EC9A47 /* FwiRESTService.m */,
			);
			path = RESTful;
			sourceTree = "<group>";
		};
		BE78679B1B11A62400C64942 /* Params */ = {
			isa = PBXGroup;
			children = (
				BE78679C1B11A62400C64942 /* FwiDataParam.h */,
				BE78679D1B11A62400C64942 /* FwiDataParam.m */,
				BE78679E1B11A62400C64942 /* FwiFormParam.h */,
				BE78679F1B11A62400C64942 /* FwiFormParam.m */,
				BE7867A01B11A62400C64942 /* FwiMultipartParam.h */,
				BE7867A11B11A62400C64942 /* FwiMultipartParam.m */,
			);
			path = Params;
			sourceTree = "<group>";
		};
		BE9FECE116EA46AD00C29A10 /* Core */ = {
			isa = PBXGroup;
			children = (
				BEF2DFCF17046E9D0006DD71 /* CoreData.framework */,
				BE9FECDF16EA469E00C29A10 /* CoreGraphics.framework */,
				BEF2DFD117046EA40006DD71 /* CoreLocation.framework */,
				BEEFA4C618A795E6002BCF21 /* QuartzCore.framework */,
			);
			name = Core;
			sourceTree = "<group>";
		};
		BEEFA4D218A79659002BCF21 /* Security */ = {
			isa = PBXGroup;
			children = (
				BEEFA4CC18A7961A002BCF21 /* Security.framework */,
				BEEFA4CE18A79623002BCF21 /* SystemConfiguration.framework */,
			);
			name = Security;
			sourceTree = "<group>";
		};
		BEEFA4D318A7965F002BCF21 /* Test */ = {
			isa = PBXGroup;
			children = (
				BEF95CD31A650AE600183E43 /* XCTest.framework */,
			);
			name = Test;
			sourceTree = "<group>";
		};
		BEF95CD71A650AE600183E43 /* FwiDataTests */ = {
			isa = PBXGroup;
			children = (
				BEF95CD81A650AE600183E43 /* Supporting Files */,
				BE4EA2CD1A93260600538870 /* FwiPropertyTest.m */,
				BE619C521A95D12D00014F78 /* FwiJsonMapperTest.m */,
			);
			path = FwiDataTests;
			sourceTree = "<group>";
		};
		BEF95CD81A650AE600183E43 /* Supporting Files */ = {
			isa = PBXGroup;
			children = (
				BEF95CD91A650AE600183E43 /* FwiDataTests-Info.plist */,
				BEF95CDA1A650AE600183E43 /* InfoPlist.strings */,
				BEF95CDF1A650AE600183E43 /* FwiDataTests-Prefix.pch */,
			);
			name = "Supporting Files";
			sourceTree = "<group>";
		};
/* End PBXGroup section */

/* Begin PBXNativeTarget section */
		BE208B7616E9B0A9004E0F54 /* FwiData */ = {
			isa = PBXNativeTarget;
			buildConfigurationList = BE208B8516E9B0A9004E0F54 /* Build configuration list for PBXNativeTarget "FwiData" */;
			buildPhases = (
				BE208B7316E9B0A9004E0F54 /* Sources */,
				BE208B7416E9B0A9004E0F54 /* Frameworks */,
				BE208B7516E9B0A9004E0F54 /* CopyFiles */,
			);
			buildRules = (
			);
			dependencies = (
			);
			name = FwiData;
			productName = FwiData;
			productReference = BE208B7716E9B0A9004E0F54 /* libFwiData.a */;
			productType = "com.apple.product-type.library.static";
		};
		BEF95CD11A650AE600183E43 /* FwiDataTests */ = {
			isa = PBXNativeTarget;
			buildConfigurationList = BEF95CE21A650AE600183E43 /* Build configuration list for PBXNativeTarget "FwiDataTests" */;
			buildPhases = (
				BEF95CCE1A650AE600183E43 /* Sources */,
				BEF95CCF1A650AE600183E43 /* Frameworks */,
				BEF95CD01A650AE600183E43 /* Resources */,
			);
			buildRules = (
			);
			dependencies = (
				BEF95CE11A650AE600183E43 /* PBXTargetDependency */,
			);
			name = FwiDataTests;
			productName = FwiDataTests;
			productReference = BEF95CD21A650AE600183E43 /* FwiDataTests.xctest */;
			productType = "com.apple.product-type.bundle.unit-test";
		};
/* End PBXNativeTarget section */

/* Begin PBXProject section */
		BE208B6F16E9B0A9004E0F54 /* Project object */ = {
			isa = PBXProject;
			attributes = {
				CLASSPREFIX = Fwi;
				LastUpgradeCheck = 0620;
				ORGANIZATIONNAME = "Fiision Studio";
				TargetAttributes = {
					BEF95CD11A650AE600183E43 = {
						TestTargetID = BE208B7616E9B0A9004E0F54;
					};
				};
			};
			buildConfigurationList = BE208B7216E9B0A9004E0F54 /* Build configuration list for PBXProject "FwiData" */;
			compatibilityVersion = "Xcode 3.2";
			developmentRegion = English;
			hasScannedForEncodings = 0;
			knownRegions = (
				en,
			);
			mainGroup = BE208B6E16E9B0A9004E0F54;
			productRefGroup = BE208B7816E9B0A9004E0F54 /* Products */;
			projectDirPath = "";
			projectRoot = "";
			targets = (
				BE208B7616E9B0A9004E0F54 /* FwiData */,
				BEF95CD11A650AE600183E43 /* FwiDataTests */,
				BE208BE216E9B52C004E0F54 /* FwiData.framework */,
			);
		};
/* End PBXProject section */

/* Begin PBXResourcesBuildPhase section */
		BEF95CD01A650AE600183E43 /* Resources */ = {
			isa = PBXResourcesBuildPhase;
			buildActionMask = 2147483647;
			files = (
				BEF95CDC1A650AE600183E43 /* InfoPlist.strings in Resources */,
			);
			runOnlyForDeploymentPostprocessing = 0;
		};
/* End PBXResourcesBuildPhase section */

/* Begin PBXShellScriptBuildPhase section */
		BE208BFF16E9B964004E0F54 /* Build universal binary */ = {
			isa = PBXShellScriptBuildPhase;
			buildActionMask = 2147483647;
			files = (
			);
			inputPaths = (
			);
			name = "Build universal binary";
			outputPaths = (
			);
			runOnlyForDeploymentPostprocessing = 0;
			shellPath = /bin/sh;
			shellScript = "# Create build folder & Libraries folder.\nmkdir -p \"${SOURCE_ROOT}/../build/\" &&\nmkdir -p \"${SOURCE_ROOT}/../Libraries/\" &&\n\n# Build static libraries.\nxcodebuild -project \"${PROJECT_NAME}.xcodeproj\" -sdk iphonesimulator -target \"${PROJECT_NAME}\" -configuration \"${CONFIGURATION}\" clean build CONFIGURATION_BUILD_DIR=\"${SOURCE_ROOT}/../build/${CONFIGURATION}-Simulator\" &&\n\nxcodebuild -project \"${PROJECT_NAME}.xcodeproj\" -sdk iphoneos -target \"${PROJECT_NAME}\" -configuration \"${CONFIGURATION}\" clean build CONFIGURATION_BUILD_DIR=\"${SOURCE_ROOT}/../build/${CONFIGURATION}-Device\" &&\n\n# Define path.\nDEVICE_LIBRARY_PATH=\"${SOURCE_ROOT}/../build/${CONFIGURATION}-Device/lib${PROJECT_NAME}.a\" &&\nSIMULATOR_LIBRARY_PATH=\"${SOURCE_ROOT}/../build/${CONFIGURATION}-Simulator/lib${PROJECT_NAME}.a\" &&\n\nUNIVERSAL_LIBRARY_PATH=\"${SOURCE_ROOT}/../build/${PRODUCT_NAME}\" &&\nFRAMEWORK=\"${SOURCE_ROOT}/../Libraries/${PRODUCT_NAME}.framework\" &&\n\n\n# Create framework directory structure.\nrm -rf \"${FRAMEWORK}\" &&\nmkdir -p \"${FRAMEWORK}/Versions/A/Headers\" &&\nmkdir -p \"${FRAMEWORK}/Versions/A/Resources\" &&\n\n# Generate universal binary for the device and simulator.\nlipo \"${DEVICE_LIBRARY_PATH}\" \"${SIMULATOR_LIBRARY_PATH}\" -create -output \"${UNIVERSAL_LIBRARY_PATH}\" &&\n\n# Move files to appropriate locations in framework paths.\ncp \"${UNIVERSAL_LIBRARY_PATH}\" \"${FRAMEWORK}/Versions/A\" &&\nln -s \"A\" \"${FRAMEWORK}/Versions/Current\" &&\nln -s \"Versions/Current/Headers\" \"${FRAMEWORK}/Headers\" &&\nln -s \"Versions/Current/Resources\" \"${FRAMEWORK}/Resources\" &&\nln -s \"Versions/Current/${PRODUCT_NAME}\" \"${FRAMEWORK}/${PRODUCT_NAME}\" &&\n\n# Clean build folder.\nrm -r \"${SOURCE_ROOT}/../build\" &&\nrm -r \"${PROJECT_DIR}/build\"";
		};
/* End PBXShellScriptBuildPhase section */

/* Begin PBXSourcesBuildPhase section */
		BE208B7316E9B0A9004E0F54 /* Sources */ = {
			isa = PBXSourcesBuildPhase;
			buildActionMask = 2147483647;
			files = (
				BE7859341AF89ACF00EC9A47 /* FwiRESTService.m in Sources */,
				BE7859201AF89ACF00EC9A47 /* FwiBigInt.m in Sources */,
				BE7867A41B11A62400C64942 /* FwiMultipartParam.m in Sources */,
				BE78592B1AF89ACF00EC9A47 /* NSArray+FwiExtension_Private.m in Sources */,
				BE78591F1AF89ACF00EC9A47 /* NSString+FwiJson.m in Sources */,
				BE78592E1AF89ACF00EC9A47 /* FwiPersistent.m in Sources */,
				BE7859291AF89ACF00EC9A47 /* FwiQRCode.m in Sources */,
				BE7859221AF89ACF00EC9A47 /* FwiMutableBitArray.m in Sources */,
				BE7859241AF89ACF00EC9A47 /* FwiCsvParser.m in Sources */,
				BE7859251AF89ACF00EC9A47 /* FwiDer.m in Sources */,
				BE7859231AF89ACF00EC9A47 /* FwiBitMatrix.m in Sources */,
				BE7859261AF89ACF00EC9A47 /* FwiJson.m in Sources */,
				BE78592A1AF89ACF00EC9A47 /* FwiRS_Private.m in Sources */,
				BE78592C1AF89ACF00EC9A47 /* NSDictionary+FwiExtension_Private.m in Sources */,
				BE78591E1AF89ACF00EC9A47 /* NSString+FwiDer.m in Sources */,
				BE7859331AF89ACF00EC9A47 /* FwiRequest.m in Sources */,
				BE78591C1AF89ACF00EC9A47 /* NSData+FwiDer.m in Sources */,
				BE78592F1AF89ACF00EC9A47 /* FwiService.m in Sources */,
				BE7859281AF89ACF00EC9A47 /* FwiProperty.m in Sources */,
				BE7859211AF89ACF00EC9A47 /* FwiBitArray.m in Sources */,
				BE78592D1AF89ACF00EC9A47 /* FwiLocation.m in Sources */,
				BE7867A31B11A62400C64942 /* FwiFormParam.m in Sources */,
				BE78591D1AF89ACF00EC9A47 /* NSData+FwiJson.m in Sources */,
				BE7867A21B11A62400C64942 /* FwiDataParam.m in Sources */,
				BE7859271AF89ACF00EC9A47 /* FwiJsonMapper.m in Sources */,
			);
			runOnlyForDeploymentPostprocessing = 0;
		};
		BEF95CCE1A650AE600183E43 /* Sources */ = {
			isa = PBXSourcesBuildPhase;
			buildActionMask = 2147483647;
			files = (
				BE4EA2CE1A93260600538870 /* FwiPropertyTest.m in Sources */,
				BE619C531A95D12D00014F78 /* FwiJsonMapperTest.m in Sources */,
			);
			runOnlyForDeploymentPostprocessing = 0;
		};
/* End PBXSourcesBuildPhase section */

/* Begin PBXTargetDependency section */
		BEF95CE11A650AE600183E43 /* PBXTargetDependency */ = {
			isa = PBXTargetDependency;
			target = BE208B7616E9B0A9004E0F54 /* FwiData */;
			targetProxy = BEF95CE01A650AE600183E43 /* PBXContainerItemProxy */;
		};
/* End PBXTargetDependency section */

/* Begin PBXVariantGroup section */
		BEF95CDA1A650AE600183E43 /* InfoPlist.strings */ = {
			isa = PBXVariantGroup;
			children = (
				BEF95CDB1A650AE600183E43 /* en */,
			);
			name = InfoPlist.strings;
			sourceTree = "<group>";
		};
/* End PBXVariantGroup section */

/* Begin XCBuildConfiguration section */
		BE208B8316E9B0A9004E0F54 /* Debug */ = {
			isa = XCBuildConfiguration;
			buildSettings = {
				CLANG_CXX_LANGUAGE_STANDARD = "gnu++0x";
				CLANG_CXX_LIBRARY = "libc++";
				CLANG_ENABLE_MODULES = YES;
				CLANG_WARN_BOOL_CONVERSION = YES;
				CLANG_WARN_CONSTANT_CONVERSION = YES;
				CLANG_WARN_DEPRECATED_OBJC_IMPLEMENTATIONS = YES;
				CLANG_WARN_EMPTY_BODY = YES;
				CLANG_WARN_ENUM_CONVERSION = YES;
				CLANG_WARN_INT_CONVERSION = YES;
				CLANG_WARN_OBJC_EXPLICIT_OWNERSHIP_TYPE = YES;
				CLANG_WARN_OBJC_IMPLICIT_RETAIN_SELF = NO;
				CLANG_WARN_OBJC_RECEIVER_WEAK = NO;
				CLANG_WARN_OBJC_REPEATED_USE_OF_WEAK = NO;
				CLANG_WARN__DUPLICATE_METHOD_MATCH = YES;
				COPY_PHASE_STRIP = NO;
				GCC_C_LANGUAGE_STANDARD = gnu99;
				GCC_DYNAMIC_NO_PIC = NO;
				GCC_OPTIMIZATION_LEVEL = 0;
				GCC_PRECOMPILE_PREFIX_HEADER = YES;
				GCC_PREFIX_HEADER = "FwiData/FwiData-Prefix.pch";
				GCC_PREPROCESSOR_DEFINITIONS = (
					"DEBUG=1",
					"$(inherited)",
				);
				GCC_SYMBOLS_PRIVATE_EXTERN = NO;
				GCC_THUMB_SUPPORT = NO;
				GCC_WARN_64_TO_32_BIT_CONVERSION = YES;
				GCC_WARN_ABOUT_RETURN_TYPE = YES;
				GCC_WARN_UNINITIALIZED_AUTOS = YES;
				GCC_WARN_UNUSED_FUNCTION = YES;
				GCC_WARN_UNUSED_VARIABLE = YES;
				IPHONEOS_DEPLOYMENT_TARGET = 7.0;
				ONLY_ACTIVE_ARCH = YES;
				SCAN_ALL_SOURCE_FILES_FOR_INCLUDES = YES;
				SDKROOT = iphoneos;
				TARGETED_DEVICE_FAMILY = "1,2";
				USER_HEADER_SEARCH_PATHS = "../FwiCore/FwiCore/com/fiision/lib/**";
				VALID_ARCHS = "$(ARCHS_STANDARD)";
			};
			name = Debug;
		};
		BE208B8416E9B0A9004E0F54 /* Release */ = {
			isa = XCBuildConfiguration;
			buildSettings = {
				CLANG_CXX_LANGUAGE_STANDARD = "gnu++0x";
				CLANG_CXX_LIBRARY = "libc++";
				CLANG_ENABLE_MODULES = YES;
				CLANG_WARN_BOOL_CONVERSION = YES;
				CLANG_WARN_CONSTANT_CONVERSION = YES;
				CLANG_WARN_DEPRECATED_OBJC_IMPLEMENTATIONS = YES;
				CLANG_WARN_EMPTY_BODY = YES;
				CLANG_WARN_ENUM_CONVERSION = YES;
				CLANG_WARN_INT_CONVERSION = YES;
				CLANG_WARN_OBJC_EXPLICIT_OWNERSHIP_TYPE = YES;
				CLANG_WARN_OBJC_IMPLICIT_RETAIN_SELF = NO;
				CLANG_WARN_OBJC_RECEIVER_WEAK = NO;
				CLANG_WARN_OBJC_REPEATED_USE_OF_WEAK = NO;
				CLANG_WARN__DUPLICATE_METHOD_MATCH = YES;
				COPY_PHASE_STRIP = YES;
				GCC_C_LANGUAGE_STANDARD = gnu99;
				GCC_PRECOMPILE_PREFIX_HEADER = YES;
				GCC_PREFIX_HEADER = "FwiData/FwiData-Prefix.pch";
				GCC_THUMB_SUPPORT = NO;
				GCC_WARN_64_TO_32_BIT_CONVERSION = YES;
				GCC_WARN_ABOUT_RETURN_TYPE = YES;
				GCC_WARN_UNINITIALIZED_AUTOS = YES;
				GCC_WARN_UNUSED_FUNCTION = YES;
				GCC_WARN_UNUSED_VARIABLE = YES;
				IPHONEOS_DEPLOYMENT_TARGET = 7.0;
				ONLY_ACTIVE_ARCH = NO;
				SCAN_ALL_SOURCE_FILES_FOR_INCLUDES = YES;
				SDKROOT = iphoneos;
				TARGETED_DEVICE_FAMILY = "1,2";
				USER_HEADER_SEARCH_PATHS = "../FwiCore/FwiCore/com/fiision/lib/**";
				VALIDATE_PRODUCT = YES;
				VALID_ARCHS = "$(ARCHS_STANDARD)";
			};
			name = Release;
		};
		BE208B8616E9B0A9004E0F54 /* Debug */ = {
			isa = XCBuildConfiguration;
			buildSettings = {
				DSTROOT = /tmp/FwiData.dst;
				GCC_THUMB_SUPPORT = NO;
				PRODUCT_NAME = "$(TARGET_NAME)";
				SKIP_INSTALL = YES;
			};
			name = Debug;
		};
		BE208B8716E9B0A9004E0F54 /* Release */ = {
			isa = XCBuildConfiguration;
			buildSettings = {
				DSTROOT = /tmp/FwiData.dst;
				GCC_THUMB_SUPPORT = NO;
				PRODUCT_NAME = "$(TARGET_NAME)";
				SKIP_INSTALL = YES;
			};
			name = Release;
		};
		BE208BE316E9B52C004E0F54 /* Debug */ = {
			isa = XCBuildConfiguration;
			buildSettings = {
				GCC_THUMB_SUPPORT = NO;
				PRODUCT_NAME = "$(PROJECT_NAME)";
				WRAPPER_EXTENSION = framework;
			};
			name = Debug;
		};
		BE208BE416E9B52C004E0F54 /* Release */ = {
			isa = XCBuildConfiguration;
			buildSettings = {
				GCC_THUMB_SUPPORT = NO;
				PRODUCT_NAME = "$(PROJECT_NAME)";
				WRAPPER_EXTENSION = framework;
			};
			name = Release;
		};
		BEF95CE31A650AE600183E43 /* Debug */ = {
			isa = XCBuildConfiguration;
			buildSettings = {
				CLANG_ENABLE_OBJC_ARC = YES;
				CLANG_WARN_DIRECT_OBJC_ISA_USAGE = YES_ERROR;
				CLANG_WARN_OBJC_ROOT_CLASS = YES_ERROR;
				GCC_PRECOMPILE_PREFIX_HEADER = YES;
				GCC_PREFIX_HEADER = "FwiDataTests/FwiDataTests-Prefix.pch";
				GCC_PREPROCESSOR_DEFINITIONS = (
					"DEBUG=1",
					"$(inherited)",
				);
				GCC_WARN_ABOUT_RETURN_TYPE = YES_ERROR;
				GCC_WARN_UNDECLARED_SELECTOR = YES;
				GCC_WARN_UNINITIALIZED_AUTOS = YES_AGGRESSIVE;
				INFOPLIST_FILE = "FwiDataTests/FwiDataTests-Info.plist";
				OTHER_LDFLAGS = (
					"$(inherited)",
					"-ObjC",
				);
				PRODUCT_NAME = "$(TARGET_NAME)";
				USER_HEADER_SEARCH_PATHS = "../FwiCore/FwiCore/com/fiision/lib/** ../FwiData/FwiData/com/fiision/lib/**";
				WRAPPER_EXTENSION = xctest;
			};
			name = Debug;
		};
		BEF95CE41A650AE600183E43 /* Release */ = {
			isa = XCBuildConfiguration;
			buildSettings = {
				CLANG_ENABLE_OBJC_ARC = YES;
				CLANG_WARN_DIRECT_OBJC_ISA_USAGE = YES_ERROR;
				CLANG_WARN_OBJC_ROOT_CLASS = YES_ERROR;
				ENABLE_NS_ASSERTIONS = NO;
				GCC_PRECOMPILE_PREFIX_HEADER = YES;
				GCC_PREFIX_HEADER = "FwiDataTests/FwiDataTests-Prefix.pch";
				GCC_WARN_ABOUT_RETURN_TYPE = YES_ERROR;
				GCC_WARN_UNDECLARED_SELECTOR = YES;
				GCC_WARN_UNINITIALIZED_AUTOS = YES_AGGRESSIVE;
				INFOPLIST_FILE = "FwiDataTests/FwiDataTests-Info.plist";
				OTHER_LDFLAGS = (
					"$(inherited)",
					"-ObjC",
				);
				PRODUCT_NAME = "$(TARGET_NAME)";
				USER_HEADER_SEARCH_PATHS = "../FwiCore/FwiCore/com/fiision/lib/** ../FwiData/FwiData/com/fiision/lib/**";
				WRAPPER_EXTENSION = xctest;
			};
			name = Release;
		};
/* End XCBuildConfiguration section */

/* Begin XCConfigurationList section */
		BE208B7216E9B0A9004E0F54 /* Build configuration list for PBXProject "FwiData" */ = {
			isa = XCConfigurationList;
			buildConfigurations = (
				BE208B8316E9B0A9004E0F54 /* Debug */,
				BE208B8416E9B0A9004E0F54 /* Release */,
			);
			defaultConfigurationIsVisible = 0;
			defaultConfigurationName = Release;
		};
		BE208B8516E9B0A9004E0F54 /* Build configuration list for PBXNativeTarget "FwiData" */ = {
			isa = XCConfigurationList;
			buildConfigurations = (
				BE208B8616E9B0A9004E0F54 /* Debug */,
				BE208B8716E9B0A9004E0F54 /* Release */,
			);
			defaultConfigurationIsVisible = 0;
			defaultConfigurationName = Release;
		};
		BE208BE516E9B52C004E0F54 /* Build configuration list for PBXAggregateTarget "FwiData.framework" */ = {
			isa = XCConfigurationList;
			buildConfigurations = (
				BE208BE316E9B52C004E0F54 /* Debug */,
				BE208BE416E9B52C004E0F54 /* Release */,
			);
			defaultConfigurationIsVisible = 0;
			defaultConfigurationName = Release;
		};
		BEF95CE21A650AE600183E43 /* Build configuration list for PBXNativeTarget "FwiDataTests" */ = {
			isa = XCConfigurationList;
			buildConfigurations = (
				BEF95CE31A650AE600183E43 /* Debug */,
				BEF95CE41A650AE600183E43 /* Release */,
			);
			defaultConfigurationIsVisible = 0;
			defaultConfigurationName = Release;
		};
/* End XCConfigurationList section */
	};
	rootObject = BE208B6F16E9B0A9004E0F54 /* Project object */;
}
